
Microsoft Visual Studio Solution File, Format Version 12.00
# Visual Studio Version 17
VisualStudioVersion = 17.7.34009.444
MinimumVisualStudioVersion = 10.0.40219.1
Project("{FAE04EC0-301F-11D3-BF4B-00C04F79EFBC}") = "Quiz", "Quiz.csproj", "{47D14804-845E-4C52-98F2-5ACC5C923E30}"
EndProject
Global
	GlobalSection(SolutionConfigurationPlatforms) = preSolution
		Debug|Any CPU = Debug|Any CPU
		Release|Any CPU = Release|Any CPU
	EndGlobalSection
	GlobalSection(ProjectConfigurationPlatforms) = postSolution
		{47D14804-845E-4C52-98F2-5ACC5C923E30}.Debug|Any CPU.ActiveCfg = Debug|Any CPU
		{47D14804-845E-4C52-98F2-5ACC5C923E30}.Debug|Any CPU.Build.0 = Debug|Any CPU
		{47D14804-845E-4C52-98F2-5ACC5C923E30}.Release|Any CPU.ActiveCfg = Release|Any CPU
		{47D14804-845E-4C52-98F2-5ACC5C923E30}.Release|Any CPU.Build.0 = Release|Any CPU
	EndGlobalSection
	GlobalSection(SolutionProperties) = preSolution
		HideSolutionNode = FALSE
	EndGlobalSection
	GlobalSection(ExtensibilityGlobals) = postSolution
		SolutionGuid = {F5D31E76-8E47-48EC-AA63-060FEA15B115}
	EndGlobalSection
EndGlobal
